
Microsoft Visual Studio Solution File, Format Version 12.00
# Visual Studio Version 16
VisualStudioVersion = 16.0.36128.20
MinimumVisualStudioVersion = 10.0.40219.1
Project("{FAE04EC0-301F-11D3-BF4B-00C04F79EFBC}") = "MirrorClip", "MirrorClip\MirrorClip.csproj", "{35567B3E-1D43-40EB-9DA3-27B861F710AD}"
EndProject
Global
	GlobalSection(SolutionConfigurationPlatforms) = preSolution
		Debug|Any CPU = Debug|Any CPU
		Release|Any CPU = Release|Any CPU
	EndGlobalSection
	GlobalSection(ProjectConfigurationPlatforms) = postSolution
		{35567B3E-1D43-40EB-9DA3-27B861F710AD}.Debug|Any CPU.ActiveCfg = Debug|Any CPU
		{35567B3E-1D43-40EB-9DA3-27B861F710AD}.Debug|Any CPU.Build.0 = Debug|Any CPU
		{35567B3E-1D43-40EB-9DA3-27B861F710AD}.Release|Any CPU.ActiveCfg = Release|Any CPU
		{35567B3E-1D43-40EB-9DA3-27B861F710AD}.Release|Any CPU.Build.0 = Release|Any CPU
	EndGlobalSection
	GlobalSection(SolutionProperties) = preSolution
		HideSolutionNode = FALSE
	EndGlobalSection
	GlobalSection(ExtensibilityGlobals) = postSolution
		SolutionGuid = {F8C2193E-2562-4A46-AF9C-1459682F9104}
	EndGlobalSection
EndGlobal
